// !$*UTF8*$!
{
	archiveVersion = 1;
	classes = {
	};
	objectVersion = 56;
	objects = {

/* Begin PBXBuildFile section */
		F8067B3429320A7500D3800D /* LoginTestApp.swift in Sources */ = {isa = PBXBuildFile; fileRef = F8067B3329320A7500D3800D /* LoginTestApp.swift */; };
		F8067B3629320A7500D3800D /* ContentView.swift in Sources */ = {isa = PBXBuildFile; fileRef = F8067B3529320A7500D3800D /* ContentView.swift */; };
		F8067B3829320A7600D3800D /* Assets.xcassets in Resources */ = {isa = PBXBuildFile; fileRef = F8067B3729320A7600D3800D /* Assets.xcassets */; };
		F8067B3B29320A7600D3800D /* Preview Assets.xcassets in Resources */ = {isa = PBXBuildFile; fileRef = F8067B3A29320A7600D3800D /* Preview Assets.xcassets */; };
		F8067B4529320A7600D3800D /* LoginTestTests.swift in Sources */ = {isa = PBXBuildFile; fileRef = F8067B4429320A7600D3800D /* LoginTestTests.swift */; };
		F8067B4F29320A7600D3800D /* LoginTestUITests.swift in Sources */ = {isa = PBXBuildFile; fileRef = F8067B4E29320A7600D3800D /* LoginTestUITests.swift */; };
		F8067B5129320A7600D3800D /* LoginTestUITestsLaunchTests.swift in Sources */ = {isa = PBXBuildFile; fileRef = F8067B5029320A7600D3800D /* LoginTestUITestsLaunchTests.swift */; };
/* End PBXBuildFile section */

/* Begin PBXContainerItemProxy section */
		F8067B4129320A7600D3800D /* PBXContainerItemProxy */ = {
			isa = PBXContainerItemProxy;
			containerPortal = F8067B2829320A7500D3800D /* Project object */;
			proxyType = 1;
			remoteGlobalIDString = F8067B2F29320A7500D3800D;
			remoteInfo = LoginTest;
		};
		F8067B4B29320A7600D3800D /* PBXContainerItemProxy */ = {
			isa = PBXContainerItemProxy;
			containerPortal = F8067B2829320A7500D3800D /* Project object */;
			proxyType = 1;
			remoteGlobalIDString = F8067B2F29320A7500D3800D;
			remoteInfo = LoginTest;
		};
/* End PBXContainerItemProxy section */

/* Begin PBXFileReference section */
		F8067B3029320A7500D3800D /* LoginTest.app */ = {isa = PBXFileReference; explicitFileType = wrapper.application; includeInIndex = 0; path = LoginTest.app; sourceTree = BUILT_PRODUCTS_DIR; };
		F8067B3329320A7500D3800D /* LoginTestApp.swift */ = {isa = PBXFileReference; lastKnownFileType = sourcecode.swift; path = LoginTestApp.swift; sourceTree = "<group>"; };
		F8067B3529320A7500D3800D /* ContentView.swift */ = {isa = PBXFileReference; lastKnownFileType = sourcecode.swift; path = ContentView.swift; sourceTree = "<group>"; };
		F8067B3729320A7600D3800D /* Assets.xcassets */ = {isa = PBXFileReference; lastKnownFileType = folder.assetcatalog; path = Assets.xcassets; sourceTree = "<group>"; };
		F8067B3A29320A7600D3800D /* Preview Assets.xcassets */ = {isa = PBXFileReference; lastKnownFileType = folder.assetcatalog; path = "Preview Assets.xcassets"; sourceTree = "<group>"; };
		F8067B4029320A7600D3800D /* LoginTestTests.xctest */ = {isa = PBXFileReference; explicitFileType = wrapper.cfbundle; includeInIndex = 0; path = LoginTestTests.xctest; sourceTree = BUILT_PRODUCTS_DIR; };
		F8067B4429320A7600D3800D /* LoginTestTests.swift */ = {isa = PBXFileReference; lastKnownFileType = sourcecode.swift; path = LoginTestTests.swift; sourceTree = "<group>"; };
		F8067B4A29320A7600D3800D /* LoginTestUITests.xctest */ = {isa = PBXFileReference; explicitFileType = wrapper.cfbundle; includeInIndex = 0; path = LoginTestUITests.xctest; sourceTree = BUILT_PRODUCTS_DIR; };
		F8067B4E29320A7600D3800D /* LoginTestUITests.swift */ = {isa = PBXFileReference; lastKnownFileType = sourcecode.swift; path = LoginTestUITests.swift; sourceTree = "<group>"; };
		F8067B5029320A7600D3800D /* LoginTestUITestsLaunchTests.swift */ = {isa = PBXFileReference; lastKnownFileType = sourcecode.swift; path = LoginTestUITestsLaunchTests.swift; sourceTree = "<group>"; };
/* End PBXFileReference section */

/* Begin PBXFrameworksBuildPhase section */
		F8067B2D29320A7500D3800D /* Frameworks */ = {
			isa = PBXFrameworksBuildPhase;
			buildActionMask = 2147483647;
			files = (
			);
			runOnlyForDeploymentPostprocessing = 0;
		};
		F8067B3D29320A7600D3800D /* Frameworks */ = {
			isa = PBXFrameworksBuildPhase;
			buildActionMask = 2147483647;
			files = (
			);
			runOnlyForDeploymentPostprocessing = 0;
		};
		F8067B4729320A7600D3800D /* Frameworks */ = {
			isa = PBXFrameworksBuildPhase;
			buildActionMask = 2147483647;
			files = (
			);
			runOnlyForDeploymentPostprocessing = 0;
		};
/* End PBXFrameworksBuildPhase section */

/* Begin PBXGroup section */
		F8067B2729320A7500D3800D = {
			isa = PBXGroup;
			children = (
				F8067B3229320A7500D3800D /* LoginTest */,
				F8067B4329320A7600D3800D /* LoginTestTests */,
				F8067B4D29320A7600D3800D /* LoginTestUITests */,
				F8067B3129320A7500D3800D /* Products */,
			);
			sourceTree = "<group>";
		};
		F8067B3129320A7500D3800D /* Products */ = {
			isa = PBXGroup;
			children = (
				F8067B3029320A7500D3800D /* LoginTest.app */,
				F8067B4029320A7600D3800D /* LoginTestTests.xctest */,
				F8067B4A29320A7600D3800D /* LoginTestUITests.xctest */,
			);
			name = Products;
			sourceTree = "<group>";
		};
		F8067B3229320A7500D3800D /* LoginTest */ = {
			isa = PBXGroup;
			children = (
				F8067B3329320A7500D3800D /* LoginTestApp.swift */,
				F8067B3529320A7500D3800D /* ContentView.swift */,
				F8067B3729320A7600D3800D /* Assets.xcassets */,
				F8067B3929320A7600D3800D /* Preview Content */,
			);
			path = LoginTest;
			sourceTree = "<group>";
		};
		F8067B3929320A7600D3800D /* Preview Content */ = {
			isa = PBXGroup;
			children = (
				F8067B3A29320A7600D3800D /* Preview Assets.xcassets */,
			);
			path = "Preview Content";
			sourceTree = "<group>";
		};
		F8067B4329320A7600D3800D /* LoginTestTests */ = {
			isa = PBXGroup;
			children = (
				F8067B4429320A7600D3800D /* LoginTestTests.swift */,
			);
			path = LoginTestTests;
			sourceTree = "<group>";
		};
		F8067B4D29320A7600D3800D /* LoginTestUITests */ = {
			isa = PBXGroup;
			children = (
				F8067B4E29320A7600D3800D /* LoginTestUITests.swift */,
				F8067B5029320A7600D3800D /* LoginTestUITestsLaunchTests.swift */,
			);
			path = LoginTestUITests;
			sourceTree = "<group>";
		};
/* End PBXGroup section */

/* Begin PBXNativeTarget section */
		F8067B2F29320A7500D3800D /* LoginTest */ = {
			isa = PBXNativeTarget;
			buildConfigurationList = F8067B5429320A7600D3800D /* Build configuration list for PBXNativeTarget "LoginTest" */;
			buildPhases = (
				F8067B2C29320A7500D3800D /* Sources */,
				F8067B2D29320A7500D3800D /* Frameworks */,
				F8067B2E29320A7500D3800D /* Resources */,
			);
			buildRules = (
			);
			dependencies = (
			);
			name = LoginTest;
			productName = LoginTest;
			productReference = F8067B3029320A7500D3800D /* LoginTest.app */;
			productType = "com.apple.product-type.application";
		};
		F8067B3F29320A7600D3800D /* LoginTestTests */ = {
			isa = PBXNativeTarget;
			buildConfigurationList = F8067B5729320A7600D3800D /* Build configuration list for PBXNativeTarget "LoginTestTests" */;
			buildPhases = (
				F8067B3C29320A7600D3800D /* Sources */,
				F8067B3D29320A7600D3800D /* Frameworks */,
				F8067B3E29320A7600D3800D /* Resources */,
			);
			buildRules = (
			);
			dependencies = (
				F8067B4229320A7600D3800D /* PBXTargetDependency */,
			);
			name = LoginTestTests;
			productName = LoginTestTests;
			productReference = F8067B4029320A7600D3800D /* LoginTestTests.xctest */;
			productType = "com.apple.product-type.bundle.unit-test";
		};
		F8067B4929320A7600D3800D /* LoginTestUITests */ = {
			isa = PBXNativeTarget;
			buildConfigurationList = F8067B5A29320A7600D3800D /* Build configuration list for PBXNativeTarget "LoginTestUITests" */;
			buildPhases = (
				F8067B4629320A7600D3800D /* Sources */,
				F8067B4729320A7600D3800D /* Frameworks */,
				F8067B4829320A7600D3800D /* Resources */,
			);
			buildRules = (
			);
			dependencies = (
				F8067B4C29320A7600D3800D /* PBXTargetDependency */,
			);
			name = LoginTestUITests;
			productName = LoginTestUITests;
			productReference = F8067B4A29320A7600D3800D /* LoginTestUITests.xctest */;
			productType = "com.apple.product-type.bundle.ui-testing";
		};
/* End PBXNativeTarget section */

/* Begin PBXProject section */
		F8067B2829320A7500D3800D /* Project object */ = {
			isa = PBXProject;
			attributes = {
				BuildIndependentTargetsInParallel = 1;
				LastSwiftUpdateCheck = 1410;
				LastUpgradeCheck = 1410;
				TargetAttributes = {
					F8067B2F29320A7500D3800D = {
						CreatedOnToolsVersion = 14.1;
					};
					F8067B3F29320A7600D3800D = {
						CreatedOnToolsVersion = 14.1;
						TestTargetID = F8067B2F29320A7500D3800D;
					};
					F8067B4929320A7600D3800D = {
						CreatedOnToolsVersion = 14.1;
						TestTargetID = F8067B2F29320A7500D3800D;
					};
				};
			};
			buildConfigurationList = F8067B2B29320A7500D3800D /* Build configuration list for PBXProject "LoginTest" */;
			compatibilityVersion = "Xcode 14.0";
			developmentRegion = en;
			hasScannedForEncodings = 0;
			knownRegions = (
				en,
				Base,
			);
			mainGroup = F8067B2729320A7500D3800D;
			productRefGroup = F8067B3129320A7500D3800D /* Products */;
			projectDirPath = "";
			projectRoot = "";
			targets = (
				F8067B2F29320A7500D3800D /* LoginTest */,
				F8067B3F29320A7600D3800D /* LoginTestTests */,
				F8067B4929320A7600D3800D /* LoginTestUITests */,
			);
		};
/* End PBXProject section */

/* Begin PBXResourcesBuildPhase section */
		F8067B2E29320A7500D3800D /* Resources */ = {
			isa = PBXResourcesBuildPhase;
			buildActionMask = 2147483647;
			files = (
				F8067B3B29320A7600D3800D /* Preview Assets.xcassets in Resources */,
				F8067B3829320A7600D3800D /* Assets.xcassets in Resources */,
			);
			runOnlyForDeploymentPostprocessing = 0;
		};
		F8067B3E29320A7600D3800D /* Resources */ = {
			isa = PBXResourcesBuildPhase;
			buildActionMask = 2147483647;
			files = (
			);
			runOnlyForDeploymentPostprocessing = 0;
		};
		F8067B4829320A7600D3800D /* Resources */ = {
			isa = PBXResourcesBuildPhase;
			buildActionMask = 2147483647;
			files = (
			);
			runOnlyForDeploymentPostprocessing = 0;
		};
/* End PBXResourcesBuildPhase section */

/* Begin PBXSourcesBuildPhase section */
		F8067B2C29320A7500D3800D /* Sources */ = {
			isa = PBXSourcesBuildPhase;
			buildActionMask = 2147483647;
			files = (
				F8067B3629320A7500D3800D /* ContentView.swift in Sources */,
				F8067B3429320A7500D3800D /* LoginTestApp.swift in Sources */,
			);
			runOnlyForDeploymentPostprocessing = 0;
		};
		F8067B3C29320A7600D3800D /* Sources */ = {
			isa = PBXSourcesBuildPhase;
			buildActionMask = 2147483647;
			files = (
				F8067B4529320A7600D3800D /* LoginTestTests.swift in Sources */,
			);
			runOnlyForDeploymentPostprocessing = 0;
		};
		F8067B4629320A7600D3800D /* Sources */ = {
			isa = PBXSourcesBuildPhase;
			buildActionMask = 2147483647;
			files = (
				F8067B5129320A7600D3800D /* LoginTestUITestsLaunchTests.swift in Sources */,
				F8067B4F29320A7600D3800D /* LoginTestUITests.swift in Sources */,
			);
			runOnlyForDeploymentPostprocessing = 0;
		};
/* End PBXSourcesBuildPhase section */

/* Begin PBXTargetDependency section */
		F8067B4229320A7600D3800D /* PBXTargetDependency */ = {
			isa = PBXTargetDependency;
			target = F8067B2F29320A7500D3800D /* LoginTest */;
			targetProxy = F8067B4129320A7600D3800D /* PBXContainerItemProxy */;
		};
		F8067B4C29320A7600D3800D /* PBXTargetDependency */ = {
			isa = PBXTargetDependency;
			target = F8067B2F29320A7500D3800D /* LoginTest */;
			targetProxy = F8067B4B29320A7600D3800D /* PBXContainerItemProxy */;
		};
/* End PBXTargetDependency section */

/* Begin XCBuildConfiguration section */
		F8067B5229320A7600D3800D /* Debug */ = {
			isa = XCBuildConfiguration;
			buildSettings = {
				ALWAYS_SEARCH_USER_PATHS = NO;
				CLANG_ANALYZER_NONNULL = YES;
				CLANG_ANALYZER_NUMBER_OBJECT_CONVERSION = YES_AGGRESSIVE;
				CLANG_CXX_LANGUAGE_STANDARD = "gnu++20";
				CLANG_ENABLE_MODULES = YES;
				CLANG_ENABLE_OBJC_ARC = YES;
				CLANG_ENABLE_OBJC_WEAK = YES;
				CLANG_WARN_BLOCK_CAPTURE_AUTORELEASING = YES;
				CLANG_WARN_BOOL_CONVERSION = YES;
				CLANG_WARN_COMMA = YES;
				CLANG_WARN_CONSTANT_CONVERSION = YES;
				CLANG_WARN_DEPRECATED_OBJC_IMPLEMENTATIONS = YES;
				CLANG_WARN_DIRECT_OBJC_ISA_USAGE = YES_ERROR;
				CLANG_WARN_DOCUMENTATION_COMMENTS = YES;
				CLANG_WARN_EMPTY_BODY = YES;
				CLANG_WARN_ENUM_CONVERSION = YES;
				CLANG_WARN_INFINITE_RECURSION = YES;
				CLANG_WARN_INT_CONVERSION = YES;
				CLANG_WARN_NON_LITERAL_NULL_CONVERSION = YES;
				CLANG_WARN_OBJC_IMPLICIT_RETAIN_SELF = YES;
				CLANG_WARN_OBJC_LITERAL_CONVERSION = YES;
				CLANG_WARN_OBJC_ROOT_CLASS = YES_ERROR;
				CLANG_WARN_QUOTED_INCLUDE_IN_FRAMEWORK_HEADER = YES;
				CLANG_WARN_RANGE_LOOP_ANALYSIS = YES;
				CLANG_WARN_STRICT_PROTOTYPES = YES;
				CLANG_WARN_SUSPICIOUS_MOVE = YES;
				CLANG_WARN_UNGUARDED_AVAILABILITY = YES_AGGRESSIVE;
				CLANG_WARN_UNREACHABLE_CODE = YES;
				CLANG_WARN__DUPLICATE_METHOD_MATCH = YES;
				COPY_PHASE_STRIP = NO;
				DEBUG_INFORMATION_FORMAT = dwarf;
				ENABLE_STRICT_OBJC_MSGSEND = YES;
				ENABLE_TESTABILITY = YES;
				GCC_C_LANGUAGE_STANDARD = gnu11;
				GCC_DYNAMIC_NO_PIC = NO;
				GCC_NO_COMMON_BLOCKS = YES;
				GCC_OPTIMIZATION_LEVEL = 0;
				GCC_PREPROCESSOR_DEFINITIONS = (
					"DEBUG=1",
					"$(inherited)",
				);
				GCC_WARN_64_TO_32_BIT_CONVERSION = YES;
				GCC_WARN_ABOUT_RETURN_TYPE = YES_ERROR;
				GCC_WARN_UNDECLARED_SELECTOR = YES;
				GCC_WARN_UNINITIALIZED_AUTOS = YES_AGGRESSIVE;
				GCC_WARN_UNUSED_FUNCTION = YES;
				GCC_WARN_UNUSED_VARIABLE = YES;
				IPHONEOS_DEPLOYMENT_TARGET = 16.1;
				MTL_ENABLE_DEBUG_INFO = INCLUDE_SOURCE;
				MTL_FAST_MATH = YES;
				ONLY_ACTIVE_ARCH = YES;
				SDKROOT = iphoneos;
				SWIFT_ACTIVE_COMPILATION_CONDITIONS = DEBUG;
				SWIFT_OPTIMIZATION_LEVEL = "-Onone";
			};
			name = Debug;
		};
		F8067B5329320A7600D3800D /* Release */ = {
			isa = XCBuildConfiguration;
			buildSettings = {
				ALWAYS_SEARCH_USER_PATHS = NO;
				CLANG_ANALYZER_NONNULL = YES;
				CLANG_ANALYZER_NUMBER_OBJECT_CONVERSION = YES_AGGRESSIVE;
				CLANG_CXX_LANGUAGE_STANDARD = "gnu++20";
				CLANG_ENABLE_MODULES = YES;
				CLANG_ENABLE_OBJC_ARC = YES;
				CLANG_ENABLE_OBJC_WEAK = YES;
				CLANG_WARN_BLOCK_CAPTURE_AUTORELEASING = YES;
				CLANG_WARN_BOOL_CONVERSION = YES;
				CLANG_WARN_COMMA = YES;
				CLANG_WARN_CONSTANT_CONVERSION = YES;
				CLANG_WARN_DEPRECATED_OBJC_IMPLEMENTATIONS = YES;
				CLANG_WARN_DIRECT_OBJC_ISA_USAGE = YES_ERROR;
				CLANG_WARN_DOCUMENTATION_COMMENTS = YES;
				CLANG_WARN_EMPTY_BODY = YES;
				CLANG_WARN_ENUM_CONVERSION = YES;
				CLANG_WARN_INFINITE_RECURSION = YES;
				CLANG_WARN_INT_CONVERSION = YES;
				CLANG_WARN_NON_LITERAL_NULL_CONVERSION = YES;
				CLANG_WARN_OBJC_IMPLICIT_RETAIN_SELF = YES;
				CLANG_WARN_OBJC_LITERAL_CONVERSION = YES;
				CLANG_WARN_OBJC_ROOT_CLASS = YES_ERROR;
				CLANG_WARN_QUOTED_INCLUDE_IN_FRAMEWORK_HEADER = YES;
				CLANG_WARN_RANGE_LOOP_ANALYSIS = YES;
				CLANG_WARN_STRICT_PROTOTYPES = YES;
				CLANG_WARN_SUSPICIOUS_MOVE = YES;
				CLANG_WARN_UNGUARDED_AVAILABILITY = YES_AGGRESSIVE;
				CLANG_WARN_UNREACHABLE_CODE = YES;
				CLANG_WARN__DUPLICATE_METHOD_MATCH = YES;
				COPY_PHASE_STRIP = NO;
				DEBUG_INFORMATION_FORMAT = "dwarf-with-dsym";
				ENABLE_NS_ASSERTIONS = NO;
				ENABLE_STRICT_OBJC_MSGSEND = YES;
				GCC_C_LANGUAGE_STANDARD = gnu11;
				GCC_NO_COMMON_BLOCKS = YES;
				GCC_WARN_64_TO_32_BIT_CONVERSION = YES;
				GCC_WARN_ABOUT_RETURN_TYPE = YES_ERROR;
				GCC_WARN_UNDECLARED_SELECTOR = YES;
				GCC_WARN_UNINITIALIZED_AUTOS = YES_AGGRESSIVE;
				GCC_WARN_UNUSED_FUNCTION = YES;
				GCC_WARN_UNUSED_VARIABLE = YES;
				IPHONEOS_DEPLOYMENT_TARGET = 16.1;
				MTL_ENABLE_DEBUG_INFO = NO;
				MTL_FAST_MATH = YES;
				SDKROOT = iphoneos;
				SWIFT_COMPILATION_MODE = wholemodule;
				SWIFT_OPTIMIZATION_LEVEL = "-O";
				VALIDATE_PRODUCT = YES;
			};
			name = Release;
		};
		F8067B5529320A7600D3800D /* Debug */ = {
			isa = XCBuildConfiguration;
			buildSettings = {
				ASSETCATALOG_COMPILER_APPICON_NAME = AppIcon;
				ASSETCATALOG_COMPILER_GLOBAL_ACCENT_COLOR_NAME = AccentColor;
				CODE_SIGN_STYLE = Automatic;
				CURRENT_PROJECT_VERSION = 1;
				DEVELOPMENT_ASSET_PATHS = "\"LoginTest/Preview Content\"";
				DEVELOPMENT_TEAM = DW6YASWATQ;
				ENABLE_PREVIEWS = YES;
				GENERATE_INFOPLIST_FILE = YES;
				INFOPLIST_KEY_UIApplicationSceneManifest_Generation = YES;
				INFOPLIST_KEY_UIApplicationSupportsIndirectInputEvents = YES;
				INFOPLIST_KEY_UILaunchScreen_Generation = YES;
				INFOPLIST_KEY_UISupportedInterfaceOrientations_iPad = "UIInterfaceOrientationPortrait UIInterfaceOrientationPortraitUpsideDown UIInterfaceOrientationLandscapeLeft UIInterfaceOrientationLandscapeRight";
				INFOPLIST_KEY_UISupportedInterfaceOrientations_iPhone = "UIInterfaceOrientationPortrait UIInterfaceOrientationLandscapeLeft UIInterfaceOrientationLandscapeRight";
				LD_RUNPATH_SEARCH_PATHS = (
					"$(inherited)",
					"@executable_path/Frameworks",
				);
				MARKETING_VERSION = 1.0;
				PRODUCT_BUNDLE_IDENTIFIER = com.zhang.LoginTest;
				PRODUCT_NAME = "$(TARGET_NAME)";
				SWIFT_EMIT_LOC_STRINGS = YES;
				SWIFT_VERSION = 5.0;
				TARGETED_DEVICE_FAMILY = "1,2";
			};
			name = Debug;
		};
		F8067B5629320A7600D3800D /* Release */ = {
			isa = XCBuildConfiguration;
			buildSettings = {
				ASSETCATALOG_COMPILER_APPICON_NAME = AppIcon;
				ASSETCATALOG_COMPILER_GLOBAL_ACCENT_COLOR_NAME = AccentColor;
				CODE_SIGN_STYLE = Automatic;
				CURRENT_PROJECT_VERSION = 1;
				DEVELOPMENT_ASSET_PATHS = "\"LoginTest/Preview Content\"";
				DEVELOPMENT_TEAM = DW6YASWATQ;
				ENABLE_PREVIEWS = YES;
				GENERATE_INFOPLIST_FILE = YES;
				INFOPLIST_KEY_UIApplicationSceneManifest_Generation = YES;
				INFOPLIST_KEY_UIApplicationSupportsIndirectInputEvents = YES;
				INFOPLIST_KEY_UILaunchScreen_Generation = YES;
				INFOPLIST_KEY_UISupportedInterfaceOrientations_iPad = "UIInterfaceOrientationPortrait UIInterfaceOrientationPortraitUpsideDown UIInterfaceOrientationLandscapeLeft UIInterfaceOrientationLandscapeRight";
				INFOPLIST_KEY_UISupportedInterfaceOrientations_iPhone = "UIInterfaceOrientationPortrait UIInterfaceOrientationLandscapeLeft UIInterfaceOrientationLandscapeRight";
				LD_RUNPATH_SEARCH_PATHS = (
					"$(inherited)",
					"@executable_path/Frameworks",
				);
				MARKETING_VERSION = 1.0;
				PRODUCT_BUNDLE_IDENTIFIER = com.zhang.LoginTest;
				PRODUCT_NAME = "$(TARGET_NAME)";
				SWIFT_EMIT_LOC_STRINGS = YES;
				SWIFT_VERSION = 5.0;
				TARGETED_DEVICE_FAMILY = "1,2";
			};
			name = Release;
		};
		F8067B5829320A7600D3800D /* Debug */ = {
			isa = XCBuildConfiguration;
			buildSettings = {
				ALWAYS_EMBED_SWIFT_STANDARD_LIBRARIES = YES;
				BUNDLE_LOADER = "$(TEST_HOST)";
				CODE_SIGN_STYLE = Automatic;
				CURRENT_PROJECT_VERSION = 1;
				DEVELOPMENT_TEAM = DW6YASWATQ;
				GENERATE_INFOPLIST_FILE = YES;
				IPHONEOS_DEPLOYMENT_TARGET = 16.1;
				MARKETING_VERSION = 1.0;
				PRODUCT_BUNDLE_IDENTIFIER = com.zhang.LoginTestTests;
				PRODUCT_NAME = "$(TARGET_NAME)";
				SWIFT_EMIT_LOC_STRINGS = NO;
				SWIFT_VERSION = 5.0;
				TARGETED_DEVICE_FAMILY = "1,2";
				TEST_HOST = "$(BUILT_PRODUCTS_DIR)/LoginTest.app/$(BUNDLE_EXECUTABLE_FOLDER_PATH)/LoginTest";
			};
			name = Debug;
		};
		F8067B5929320A7600D3800D /* Release */ = {
			isa = XCBuildConfiguration;
			buildSettings = {
				ALWAYS_EMBED_SWIFT_STANDARD_LIBRARIES = YES;
				BUNDLE_LOADER = "$(TEST_HOST)";
				CODE_SIGN_STYLE = Automatic;
				CURRENT_PROJECT_VERSION = 1;
				DEVELOPMENT_TEAM = DW6YASWATQ;
				GENERATE_INFOPLIST_FILE = YES;
				IPHONEOS_DEPLOYMENT_TARGET = 16.1;
				MARKETING_VERSION = 1.0;
				PRODUCT_BUNDLE_IDENTIFIER = com.zhang.LoginTestTests;
				PRODUCT_NAME = "$(TARGET_NAME)";
				SWIFT_EMIT_LOC_STRINGS = NO;
				SWIFT_VERSION = 5.0;
				TARGETED_DEVICE_FAMILY = "1,2";
				TEST_HOST = "$(BUILT_PRODUCTS_DIR)/LoginTest.app/$(BUNDLE_EXECUTABLE_FOLDER_PATH)/LoginTest";
			};
			name = Release;
		};
		F8067B5B29320A7600D3800D /* Debug */ = {
			isa = XCBuildConfiguration;
			buildSettings = {
				ALWAYS_EMBED_SWIFT_STANDARD_LIBRARIES = YES;
				CODE_SIGN_STYLE = Automatic;
				CURRENT_PROJECT_VERSION = 1;
				DEVELOPMENT_TEAM = DW6YASWATQ;
				GENERATE_INFOPLIST_FILE = YES;
				MARKETING_VERSION = 1.0;
				PRODUCT_BUNDLE_IDENTIFIER = com.zhang.LoginTestUITests;
				PRODUCT_NAME = "$(TARGET_NAME)";
				SWIFT_EMIT_LOC_STRINGS = NO;
				SWIFT_VERSION = 5.0;
				TARGETED_DEVICE_FAMILY = "1,2";
				TEST_TARGET_NAME = LoginTest;
			};
			name = Debug;
		};
		F8067B5C29320A7600D3800D /* Release */ = {
			isa = XCBuildConfiguration;
			buildSettings = {
				ALWAYS_EMBED_SWIFT_STANDARD_LIBRARIES = YES;
				CODE_SIGN_STYLE = Automatic;
				CURRENT_PROJECT_VERSION = 1;
				DEVELOPMENT_TEAM = DW6YASWATQ;
				GENERATE_INFOPLIST_FILE = YES;
				MARKETING_VERSION = 1.0;
				PRODUCT_BUNDLE_IDENTIFIER = com.zhang.LoginTestUITests;
				PRODUCT_NAME = "$(TARGET_NAME)";
				SWIFT_EMIT_LOC_STRINGS = NO;
				SWIFT_VERSION = 5.0;
				TARGETED_DEVICE_FAMILY = "1,2";
				TEST_TARGET_NAME = LoginTest;
			};
			name = Release;
		};
/* End XCBuildConfiguration section */

/* Begin XCConfigurationList section */
		F8067B2B29320A7500D3800D /* Build configuration list for PBXProject "LoginTest" */ = {
			isa = XCConfigurationList;
			buildConfigurations = (
				F8067B5229320A7600D3800D /* Debug */,
				F8067B5329320A7600D3800D /* Release */,
			);
			defaultConfigurationIsVisible = 0;
			defaultConfigurationName = Release;
		};
		F8067B5429320A7600D3800D /* Build configuration list for PBXNativeTarget "LoginTest" */ = {
			isa = XCConfigurationList;
			buildConfigurations = (
				F8067B5529320A7600D3800D /* Debug */,
				F8067B5629320A7600D3800D /* Release */,
			);
			defaultConfigurationIsVisible = 0;
			defaultConfigurationName = Release;
		};
		F8067B5729320A7600D3800D /* Build configuration list for PBXNativeTarget "LoginTestTests" */ = {
			isa = XCConfigurationList;
			buildConfigurations = (
				F8067B5829320A7600D3800D /* Debug */,
				F8067B5929320A7600D3800D /* Release */,
			);
			defaultConfigurationIsVisible = 0;
			defaultConfigurationName = Release;
		};
		F8067B5A29320A7600D3800D /* Build configuration list for PBXNativeTarget "LoginTestUITests" */ = {
			isa = XCConfigurationList;
			buildConfigurations = (
				F8067B5B29320A7600D3800D /* Debug */,
				F8067B5C29320A7600D3800D /* Release */,
			);
			defaultConfigurationIsVisible = 0;
			defaultConfigurationName = Release;
		};
/* End XCConfigurationList section */
	};
	rootObject = F8067B2829320A7500D3800D /* Project object */;
}
